
Microsoft Visual Studio Solution File, Format Version 12.00
# Visual Studio Version 17
VisualStudioVersion = 17.1.32210.238
MinimumVisualStudioVersion = 10.0.40219.1
Project("{FAE04EC0-301F-11D3-BF4B-00C04F79EFBC}") = "BlazorBudget.Server", "BlazorBudget\Server\BlazorBudget.Server.csproj", "{0E087F51-2E9A-4304-A1F1-F4FA7C872DFC}"
EndProject
Project("{FAE04EC0-301F-11D3-BF4B-00C04F79EFBC}") = "BlazorBudget.Client", "BlazorBudget\Client\BlazorBudget.Client.csproj", "{45DD4B1C-588F-4137-8A48-550CF4EEF157}"
EndProject
Project("{FAE04EC0-301F-11D3-BF4B-00C04F79EFBC}") = "BlazorBudget.Shared", "BlazorBudget\Shared\BlazorBudget.Shared.csproj", "{1B74517C-5B17-4BB1-BB59-03633F43DE60}"
EndProject
Global
	GlobalSection(SolutionConfigurationPlatforms) = preSolution
		Debug|Any CPU = Debug|Any CPU
		Release|Any CPU = Release|Any CPU
	EndGlobalSection
	GlobalSection(ProjectConfigurationPlatforms) = postSolution
		{0E087F51-2E9A-4304-A1F1-F4FA7C872DFC}.Debug|Any CPU.ActiveCfg = Debug|Any CPU
		{0E087F51-2E9A-4304-A1F1-F4FA7C872DFC}.Debug|Any CPU.Build.0 = Debug|Any CPU
		{0E087F51-2E9A-4304-A1F1-F4FA7C872DFC}.Release|Any CPU.ActiveCfg = Release|Any CPU
		{0E087F51-2E9A-4304-A1F1-F4FA7C872DFC}.Release|Any CPU.Build.0 = Release|Any CPU
		{45DD4B1C-588F-4137-8A48-550CF4EEF157}.Debug|Any CPU.ActiveCfg = Debug|Any CPU
		{45DD4B1C-588F-4137-8A48-550CF4EEF157}.Debug|Any CPU.Build.0 = Debug|Any CPU
		{45DD4B1C-588F-4137-8A48-550CF4EEF157}.Release|Any CPU.ActiveCfg = Release|Any CPU
		{45DD4B1C-588F-4137-8A48-550CF4EEF157}.Release|Any CPU.Build.0 = Release|Any CPU
		{1B74517C-5B17-4BB1-BB59-03633F43DE60}.Debug|Any CPU.ActiveCfg = Debug|Any CPU
		{1B74517C-5B17-4BB1-BB59-03633F43DE60}.Debug|Any CPU.Build.0 = Debug|Any CPU
		{1B74517C-5B17-4BB1-BB59-03633F43DE60}.Release|Any CPU.ActiveCfg = Release|Any CPU
		{1B74517C-5B17-4BB1-BB59-03633F43DE60}.Release|Any CPU.Build.0 = Release|Any CPU
	EndGlobalSection
	GlobalSection(SolutionProperties) = preSolution
		HideSolutionNode = FALSE
	EndGlobalSection
	GlobalSection(ExtensibilityGlobals) = postSolution
		SolutionGuid = {0B4F0FBC-FFA8-4D5E-B60F-C156E172EDF9}
	EndGlobalSection
EndGlobal
